
Microsoft Visual Studio Solution File, Format Version 12.00
# Visual Studio Version 16
VisualStudioVersion = 16.0.30413.136
MinimumVisualStudioVersion = 10.0.40219.1
Project("{FAE04EC0-301F-11D3-BF4B-00C04F79EFBC}") = "mentor-app-api", "mentor-app-api\mentor-app-api.csproj", "{359C27DB-F80C-47E3-A987-1431FBBED0ED}"
EndProject
Global
	GlobalSection(SolutionConfigurationPlatforms) = preSolution
		Debug|Any CPU = Debug|Any CPU
		Release|Any CPU = Release|Any CPU
	EndGlobalSection
	GlobalSection(ProjectConfigurationPlatforms) = postSolution
		{359C27DB-F80C-47E3-A987-1431FBBED0ED}.Debug|Any CPU.ActiveCfg = Debug|Any CPU
		{359C27DB-F80C-47E3-A987-1431FBBED0ED}.Debug|Any CPU.Build.0 = Debug|Any CPU
		{359C27DB-F80C-47E3-A987-1431FBBED0ED}.Release|Any CPU.ActiveCfg = Release|Any CPU
		{359C27DB-F80C-47E3-A987-1431FBBED0ED}.Release|Any CPU.Build.0 = Release|Any CPU
	EndGlobalSection
	GlobalSection(SolutionProperties) = preSolution
		HideSolutionNode = FALSE
	EndGlobalSection
	GlobalSection(ExtensibilityGlobals) = postSolution
		SolutionGuid = {B3FD707B-2ABC-43B7-81E4-C1E93D98F81A}
	EndGlobalSection
EndGlobal
